
Microsoft Visual Studio Solution File, Format Version 12.00
# Visual Studio Version 17
VisualStudioVersion = 17.0.31903.59
MinimumVisualStudioVersion = 10.0.40219.1
Project("{FAE04EC0-301F-11D3-BF4B-00C04F79EFBC}") = "SalesDatePrediction.Domain", "SalesDatePrediction.Domain\SalesDatePrediction.Domain.csproj", "{CEA1DE56-F22D-4AB3-A95D-E27E564DDCDF}"
EndProject
Project("{FAE04EC0-301F-11D3-BF4B-00C04F79EFBC}") = "SalesDatePrediction.Application", "SalesDatePrediction.Application\SalesDatePrediction.Application.csproj", "{16665FA9-D9D4-4DCF-8CE5-ECF165059940}"
EndProject
Project("{FAE04EC0-301F-11D3-BF4B-00C04F79EFBC}") = "SalesDatePrediction.Infrastructure", "SalesDatePrediction.Infrastructure\SalesDatePrediction.Infrastructure.csproj", "{29238CD5-1560-4FFA-B1CD-F796CE723CC8}"
EndProject
Project("{FAE04EC0-301F-11D3-BF4B-00C04F79EFBC}") = "SalesDatePrediction.Api", "SalesDatePrediction.Api\SalesDatePrediction.Api.csproj", "{BC479EEC-E81D-409B-BFBA-CAAFF01B241A}"
EndProject
Project("{FAE04EC0-301F-11D3-BF4B-00C04F79EFBC}") = "SalesDatePrediction.Tests", "SalesDatePrediction.Tests\SalesDatePrediction.Tests.csproj", "{8FBB159D-0DC6-4542-918A-FFDA692CF6A5}"
EndProject
Global
	GlobalSection(SolutionConfigurationPlatforms) = preSolution
		Debug|Any CPU = Debug|Any CPU
		Debug|x64 = Debug|x64
		Debug|x86 = Debug|x86
		Release|Any CPU = Release|Any CPU
		Release|x64 = Release|x64
		Release|x86 = Release|x86
	EndGlobalSection
	GlobalSection(ProjectConfigurationPlatforms) = postSolution
		{CEA1DE56-F22D-4AB3-A95D-E27E564DDCDF}.Debug|Any CPU.ActiveCfg = Debug|Any CPU
		{CEA1DE56-F22D-4AB3-A95D-E27E564DDCDF}.Debug|Any CPU.Build.0 = Debug|Any CPU
		{CEA1DE56-F22D-4AB3-A95D-E27E564DDCDF}.Debug|x64.ActiveCfg = Debug|Any CPU
		{CEA1DE56-F22D-4AB3-A95D-E27E564DDCDF}.Debug|x64.Build.0 = Debug|Any CPU
		{CEA1DE56-F22D-4AB3-A95D-E27E564DDCDF}.Debug|x86.ActiveCfg = Debug|Any CPU
		{CEA1DE56-F22D-4AB3-A95D-E27E564DDCDF}.Debug|x86.Build.0 = Debug|Any CPU
		{CEA1DE56-F22D-4AB3-A95D-E27E564DDCDF}.Release|Any CPU.ActiveCfg = Release|Any CPU
		{CEA1DE56-F22D-4AB3-A95D-E27E564DDCDF}.Release|Any CPU.Build.0 = Release|Any CPU
		{CEA1DE56-F22D-4AB3-A95D-E27E564DDCDF}.Release|x64.ActiveCfg = Release|Any CPU
		{CEA1DE56-F22D-4AB3-A95D-E27E564DDCDF}.Release|x64.Build.0 = Release|Any CPU
		{CEA1DE56-F22D-4AB3-A95D-E27E564DDCDF}.Release|x86.ActiveCfg = Release|Any CPU
		{CEA1DE56-F22D-4AB3-A95D-E27E564DDCDF}.Release|x86.Build.0 = Release|Any CPU
		{16665FA9-D9D4-4DCF-8CE5-ECF165059940}.Debug|Any CPU.ActiveCfg = Debug|Any CPU
		{16665FA9-D9D4-4DCF-8CE5-ECF165059940}.Debug|Any CPU.Build.0 = Debug|Any CPU
		{16665FA9-D9D4-4DCF-8CE5-ECF165059940}.Debug|x64.ActiveCfg = Debug|Any CPU
		{16665FA9-D9D4-4DCF-8CE5-ECF165059940}.Debug|x64.Build.0 = Debug|Any CPU
		{16665FA9-D9D4-4DCF-8CE5-ECF165059940}.Debug|x86.ActiveCfg = Debug|Any CPU
		{16665FA9-D9D4-4DCF-8CE5-ECF165059940}.Debug|x86.Build.0 = Debug|Any CPU
		{16665FA9-D9D4-4DCF-8CE5-ECF165059940}.Release|Any CPU.ActiveCfg = Release|Any CPU
		{16665FA9-D9D4-4DCF-8CE5-ECF165059940}.Release|Any CPU.Build.0 = Release|Any CPU
		{16665FA9-D9D4-4DCF-8CE5-ECF165059940}.Release|x64.ActiveCfg = Release|Any CPU
		{16665FA9-D9D4-4DCF-8CE5-ECF165059940}.Release|x64.Build.0 = Release|Any CPU
		{16665FA9-D9D4-4DCF-8CE5-ECF165059940}.Release|x86.ActiveCfg = Release|Any CPU
		{16665FA9-D9D4-4DCF-8CE5-ECF165059940}.Release|x86.Build.0 = Release|Any CPU
		{29238CD5-1560-4FFA-B1CD-F796CE723CC8}.Debug|Any CPU.ActiveCfg = Debug|Any CPU
		{29238CD5-1560-4FFA-B1CD-F796CE723CC8}.Debug|Any CPU.Build.0 = Debug|Any CPU
		{29238CD5-1560-4FFA-B1CD-F796CE723CC8}.Debug|x64.ActiveCfg = Debug|Any CPU
		{29238CD5-1560-4FFA-B1CD-F796CE723CC8}.Debug|x64.Build.0 = Debug|Any CPU
		{29238CD5-1560-4FFA-B1CD-F796CE723CC8}.Debug|x86.ActiveCfg = Debug|Any CPU
		{29238CD5-1560-4FFA-B1CD-F796CE723CC8}.Debug|x86.Build.0 = Debug|Any CPU
		{29238CD5-1560-4FFA-B1CD-F796CE723CC8}.Release|Any CPU.ActiveCfg = Release|Any CPU
		{29238CD5-1560-4FFA-B1CD-F796CE723CC8}.Release|Any CPU.Build.0 = Release|Any CPU
		{29238CD5-1560-4FFA-B1CD-F796CE723CC8}.Release|x64.ActiveCfg = Release|Any CPU
		{29238CD5-1560-4FFA-B1CD-F796CE723CC8}.Release|x64.Build.0 = Release|Any CPU
		{29238CD5-1560-4FFA-B1CD-F796CE723CC8}.Release|x86.ActiveCfg = Release|Any CPU
		{29238CD5-1560-4FFA-B1CD-F796CE723CC8}.Release|x86.Build.0 = Release|Any CPU
		{BC479EEC-E81D-409B-BFBA-CAAFF01B241A}.Debug|Any CPU.ActiveCfg = Debug|Any CPU
		{BC479EEC-E81D-409B-BFBA-CAAFF01B241A}.Debug|Any CPU.Build.0 = Debug|Any CPU
		{BC479EEC-E81D-409B-BFBA-CAAFF01B241A}.Debug|x64.ActiveCfg = Debug|Any CPU
		{BC479EEC-E81D-409B-BFBA-CAAFF01B241A}.Debug|x64.Build.0 = Debug|Any CPU
		{BC479EEC-E81D-409B-BFBA-CAAFF01B241A}.Debug|x86.ActiveCfg = Debug|Any CPU
		{BC479EEC-E81D-409B-BFBA-CAAFF01B241A}.Debug|x86.Build.0 = Debug|Any CPU
		{BC479EEC-E81D-409B-BFBA-CAAFF01B241A}.Release|Any CPU.ActiveCfg = Release|Any CPU
		{BC479EEC-E81D-409B-BFBA-CAAFF01B241A}.Release|Any CPU.Build.0 = Release|Any CPU
		{BC479EEC-E81D-409B-BFBA-CAAFF01B241A}.Release|x64.ActiveCfg = Release|Any CPU
		{BC479EEC-E81D-409B-BFBA-CAAFF01B241A}.Release|x64.Build.0 = Release|Any CPU
		{BC479EEC-E81D-409B-BFBA-CAAFF01B241A}.Release|x86.ActiveCfg = Release|Any CPU
		{BC479EEC-E81D-409B-BFBA-CAAFF01B241A}.Release|x86.Build.0 = Release|Any CPU
		{8FBB159D-0DC6-4542-918A-FFDA692CF6A5}.Debug|Any CPU.ActiveCfg = Debug|Any CPU
		{8FBB159D-0DC6-4542-918A-FFDA692CF6A5}.Debug|Any CPU.Build.0 = Debug|Any CPU
		{8FBB159D-0DC6-4542-918A-FFDA692CF6A5}.Debug|x64.ActiveCfg = Debug|Any CPU
		{8FBB159D-0DC6-4542-918A-FFDA692CF6A5}.Debug|x64.Build.0 = Debug|Any CPU
		{8FBB159D-0DC6-4542-918A-FFDA692CF6A5}.Debug|x86.ActiveCfg = Debug|Any CPU
		{8FBB159D-0DC6-4542-918A-FFDA692CF6A5}.Debug|x86.Build.0 = Debug|Any CPU
		{8FBB159D-0DC6-4542-918A-FFDA692CF6A5}.Release|Any CPU.ActiveCfg = Release|Any CPU
		{8FBB159D-0DC6-4542-918A-FFDA692CF6A5}.Release|Any CPU.Build.0 = Release|Any CPU
		{8FBB159D-0DC6-4542-918A-FFDA692CF6A5}.Release|x64.ActiveCfg = Release|Any CPU
		{8FBB159D-0DC6-4542-918A-FFDA692CF6A5}.Release|x64.Build.0 = Release|Any CPU
		{8FBB159D-0DC6-4542-918A-FFDA692CF6A5}.Release|x86.ActiveCfg = Release|Any CPU
		{8FBB159D-0DC6-4542-918A-FFDA692CF6A5}.Release|x86.Build.0 = Release|Any CPU
	EndGlobalSection
	GlobalSection(SolutionProperties) = preSolution
		HideSolutionNode = FALSE
	EndGlobalSection
	GlobalSection(ExtensibilityGlobals) = postSolution
		SolutionGuid = {219E0F0F-8AA1-45B7-B443-4BDB50FCD206}
	EndGlobalSection
EndGlobal
